// !$*UTF8*$!
{
	archiveVersion = 1;
	classes = {
	};
	objectVersion = 46;
	objects = {

/* Begin PBXBuildFile section */
		386222C91F32469C00CDB4F9 /* DropMenuButton.swift in Sources */ = {isa = PBXBuildFile; fileRef = 386222C81F32469C00CDB4F9 /* DropMenuButton.swift */; };
		38A5B28E1F2F7B2800D8F418 /* AppDelegate.swift in Sources */ = {isa = PBXBuildFile; fileRef = 38A5B28D1F2F7B2800D8F418 /* AppDelegate.swift */; };
		38A5B2931F2F7B2800D8F418 /* Main.storyboard in Resources */ = {isa = PBXBuildFile; fileRef = 38A5B2911F2F7B2800D8F418 /* Main.storyboard */; };
		38A5B2951F2F7B2800D8F418 /* Assets.xcassets in Resources */ = {isa = PBXBuildFile; fileRef = 38A5B2941F2F7B2800D8F418 /* Assets.xcassets */; };
		38A5B2981F2F7B2800D8F418 /* LaunchScreen.storyboard in Resources */ = {isa = PBXBuildFile; fileRef = 38A5B2961F2F7B2800D8F418 /* LaunchScreen.storyboard */; };
		38A5B2A31F2F7B2800D8F418 /* Custom_ServicesTests.swift in Sources */ = {isa = PBXBuildFile; fileRef = 38A5B2A21F2F7B2800D8F418 /* Custom_ServicesTests.swift */; };
		38A5B2AE1F2F7B2800D8F418 /* Custom_ServicesUITests.swift in Sources */ = {isa = PBXBuildFile; fileRef = 38A5B2AD1F2F7B2800D8F418 /* Custom_ServicesUITests.swift */; };
		38C3F59D1F30A96300C611B6 /* VendorsListViewController.swift in Sources */ = {isa = PBXBuildFile; fileRef = 38C3F59C1F30A96300C611B6 /* VendorsListViewController.swift */; };
		38C3F59F1F30AAEC00C611B6 /* VendorModel.swift in Sources */ = {isa = PBXBuildFile; fileRef = 38C3F59E1F30AAEC00C611B6 /* VendorModel.swift */; };
		38EDCA271F307F6C00DEFA0E /* VendorsTableViewCell.swift in Sources */ = {isa = PBXBuildFile; fileRef = 38EDCA261F307F6C00DEFA0E /* VendorsTableViewCell.swift */; };
/* End PBXBuildFile section */

/* Begin PBXContainerItemProxy section */
		38A5B29F1F2F7B2800D8F418 /* PBXContainerItemProxy */ = {
			isa = PBXContainerItemProxy;
			containerPortal = 38A5B2821F2F7B2800D8F418 /* Project object */;
			proxyType = 1;
			remoteGlobalIDString = 38A5B2891F2F7B2800D8F418;
			remoteInfo = "Custom-Services";
		};
		38A5B2AA1F2F7B2800D8F418 /* PBXContainerItemProxy */ = {
			isa = PBXContainerItemProxy;
			containerPortal = 38A5B2821F2F7B2800D8F418 /* Project object */;
			proxyType = 1;
			remoteGlobalIDString = 38A5B2891F2F7B2800D8F418;
			remoteInfo = "Custom-Services";
		};
/* End PBXContainerItemProxy section */

/* Begin PBXFileReference section */
		386222C81F32469C00CDB4F9 /* DropMenuButton.swift */ = {isa = PBXFileReference; fileEncoding = 4; lastKnownFileType = sourcecode.swift; path = DropMenuButton.swift; sourceTree = "<group>"; };
		38A5B28A1F2F7B2800D8F418 /* Custom-Services.app */ = {isa = PBXFileReference; explicitFileType = wrapper.application; includeInIndex = 0; path = "Custom-Services.app"; sourceTree = BUILT_PRODUCTS_DIR; };
		38A5B28D1F2F7B2800D8F418 /* AppDelegate.swift */ = {isa = PBXFileReference; lastKnownFileType = sourcecode.swift; path = AppDelegate.swift; sourceTree = "<group>"; };
		38A5B2921F2F7B2800D8F418 /* Base */ = {isa = PBXFileReference; lastKnownFileType = file.storyboard; name = Base; path = Base.lproj/Main.storyboard; sourceTree = "<group>"; };
		38A5B2941F2F7B2800D8F418 /* Assets.xcassets */ = {isa = PBXFileReference; lastKnownFileType = folder.assetcatalog; path = Assets.xcassets; sourceTree = "<group>"; };
		38A5B2971F2F7B2800D8F418 /* Base */ = {isa = PBXFileReference; lastKnownFileType = file.storyboard; name = Base; path = Base.lproj/LaunchScreen.storyboard; sourceTree = "<group>"; };
		38A5B2991F2F7B2800D8F418 /* Info.plist */ = {isa = PBXFileReference; lastKnownFileType = text.plist.xml; path = Info.plist; sourceTree = "<group>"; };
		38A5B29E1F2F7B2800D8F418 /* Custom-ServicesTests.xctest */ = {isa = PBXFileReference; explicitFileType = wrapper.cfbundle; includeInIndex = 0; path = "Custom-ServicesTests.xctest"; sourceTree = BUILT_PRODUCTS_DIR; };
		38A5B2A21F2F7B2800D8F418 /* Custom_ServicesTests.swift */ = {isa = PBXFileReference; lastKnownFileType = sourcecode.swift; path = Custom_ServicesTests.swift; sourceTree = "<group>"; };
		38A5B2A41F2F7B2800D8F418 /* Info.plist */ = {isa = PBXFileReference; lastKnownFileType = text.plist.xml; path = Info.plist; sourceTree = "<group>"; };
		38A5B2A91F2F7B2800D8F418 /* Custom-ServicesUITests.xctest */ = {isa = PBXFileReference; explicitFileType = wrapper.cfbundle; includeInIndex = 0; path = "Custom-ServicesUITests.xctest"; sourceTree = BUILT_PRODUCTS_DIR; };
		38A5B2AD1F2F7B2800D8F418 /* Custom_ServicesUITests.swift */ = {isa = PBXFileReference; lastKnownFileType = sourcecode.swift; path = Custom_ServicesUITests.swift; sourceTree = "<group>"; };
		38A5B2AF1F2F7B2800D8F418 /* Info.plist */ = {isa = PBXFileReference; lastKnownFileType = text.plist.xml; path = Info.plist; sourceTree = "<group>"; };
		38C3F59C1F30A96300C611B6 /* VendorsListViewController.swift */ = {isa = PBXFileReference; fileEncoding = 4; lastKnownFileType = sourcecode.swift; path = VendorsListViewController.swift; sourceTree = "<group>"; };
		38C3F59E1F30AAEC00C611B6 /* VendorModel.swift */ = {isa = PBXFileReference; fileEncoding = 4; lastKnownFileType = sourcecode.swift; path = VendorModel.swift; sourceTree = "<group>"; };
		38EDCA261F307F6C00DEFA0E /* VendorsTableViewCell.swift */ = {isa = PBXFileReference; fileEncoding = 4; lastKnownFileType = sourcecode.swift; path = VendorsTableViewCell.swift; sourceTree = "<group>"; };
/* End PBXFileReference section */

/* Begin PBXFrameworksBuildPhase section */
		38A5B2871F2F7B2800D8F418 /* Frameworks */ = {
			isa = PBXFrameworksBuildPhase;
			buildActionMask = 2147483647;
			files = (
			);
			runOnlyForDeploymentPostprocessing = 0;
		};
		38A5B29B1F2F7B2800D8F418 /* Frameworks */ = {
			isa = PBXFrameworksBuildPhase;
			buildActionMask = 2147483647;
			files = (
			);
			runOnlyForDeploymentPostprocessing = 0;
		};
		38A5B2A61F2F7B2800D8F418 /* Frameworks */ = {
			isa = PBXFrameworksBuildPhase;
			buildActionMask = 2147483647;
			files = (
			);
			runOnlyForDeploymentPostprocessing = 0;
		};
/* End PBXFrameworksBuildPhase section */

/* Begin PBXGroup section */
		38A5B2811F2F7B2800D8F418 = {
			isa = PBXGroup;
			children = (
				38A5B28C1F2F7B2800D8F418 /* Custom-Services */,
				38A5B2A11F2F7B2800D8F418 /* Custom-ServicesTests */,
				38A5B2AC1F2F7B2800D8F418 /* Custom-ServicesUITests */,
				38A5B28B1F2F7B2800D8F418 /* Products */,
			);
			sourceTree = "<group>";
		};
		38A5B28B1F2F7B2800D8F418 /* Products */ = {
			isa = PBXGroup;
			children = (
				38A5B28A1F2F7B2800D8F418 /* Custom-Services.app */,
				38A5B29E1F2F7B2800D8F418 /* Custom-ServicesTests.xctest */,
				38A5B2A91F2F7B2800D8F418 /* Custom-ServicesUITests.xctest */,
			);
			name = Products;
			sourceTree = "<group>";
		};
		38A5B28C1F2F7B2800D8F418 /* Custom-Services */ = {
			isa = PBXGroup;
			children = (
				38EDCA231F307F0200DEFA0E /* Utils */,
				38EDCA221F307EFE00DEFA0E /* Models */,
				38EDCA211F307EF800DEFA0E /* Controllers */,
				38EDCA201F307EF000DEFA0E /* Views */,
				38A5B28D1F2F7B2800D8F418 /* AppDelegate.swift */,
				38A5B2911F2F7B2800D8F418 /* Main.storyboard */,
				38A5B2941F2F7B2800D8F418 /* Assets.xcassets */,
				38A5B2961F2F7B2800D8F418 /* LaunchScreen.storyboard */,
				38A5B2991F2F7B2800D8F418 /* Info.plist */,
			);
			path = "Custom-Services";
			sourceTree = "<group>";
		};
		38A5B2A11F2F7B2800D8F418 /* Custom-ServicesTests */ = {
			isa = PBXGroup;
			children = (
				38A5B2A21F2F7B2800D8F418 /* Custom_ServicesTests.swift */,
				38A5B2A41F2F7B2800D8F418 /* Info.plist */,
			);
			path = "Custom-ServicesTests";
			sourceTree = "<group>";
		};
		38A5B2AC1F2F7B2800D8F418 /* Custom-ServicesUITests */ = {
			isa = PBXGroup;
			children = (
				38A5B2AD1F2F7B2800D8F418 /* Custom_ServicesUITests.swift */,
				38A5B2AF1F2F7B2800D8F418 /* Info.plist */,
			);
			path = "Custom-ServicesUITests";
			sourceTree = "<group>";
		};
		38EDCA201F307EF000DEFA0E /* Views */ = {
			isa = PBXGroup;
			children = (
				38EDCA261F307F6C00DEFA0E /* VendorsTableViewCell.swift */,
			);
			name = Views;
			sourceTree = "<group>";
		};
		38EDCA211F307EF800DEFA0E /* Controllers */ = {
			isa = PBXGroup;
			children = (
				38C3F59C1F30A96300C611B6 /* VendorsListViewController.swift */,
			);
			name = Controllers;
			sourceTree = "<group>";
		};
		38EDCA221F307EFE00DEFA0E /* Models */ = {
			isa = PBXGroup;
			children = (
				38C3F59E1F30AAEC00C611B6 /* VendorModel.swift */,
			);
			name = Models;
			sourceTree = "<group>";
		};
		38EDCA231F307F0200DEFA0E /* Utils */ = {
			isa = PBXGroup;
			children = (
				386222C81F32469C00CDB4F9 /* DropMenuButton.swift */,
			);
			name = Utils;
			sourceTree = "<group>";
		};
/* End PBXGroup section */

/* Begin PBXNativeTarget section */
		38A5B2891F2F7B2800D8F418 /* Custom-Services */ = {
			isa = PBXNativeTarget;
			buildConfigurationList = 38A5B2B21F2F7B2800D8F418 /* Build configuration list for PBXNativeTarget "Custom-Services" */;
			buildPhases = (
				38A5B2861F2F7B2800D8F418 /* Sources */,
				38A5B2871F2F7B2800D8F418 /* Frameworks */,
				38A5B2881F2F7B2800D8F418 /* Resources */,
			);
			buildRules = (
			);
			dependencies = (
			);
			name = "Custom-Services";
			productName = "Custom-Services";
			productReference = 38A5B28A1F2F7B2800D8F418 /* Custom-Services.app */;
			productType = "com.apple.product-type.application";
		};
		38A5B29D1F2F7B2800D8F418 /* Custom-ServicesTests */ = {
			isa = PBXNativeTarget;
			buildConfigurationList = 38A5B2B51F2F7B2800D8F418 /* Build configuration list for PBXNativeTarget "Custom-ServicesTests" */;
			buildPhases = (
				38A5B29A1F2F7B2800D8F418 /* Sources */,
				38A5B29B1F2F7B2800D8F418 /* Frameworks */,
				38A5B29C1F2F7B2800D8F418 /* Resources */,
			);
			buildRules = (
			);
			dependencies = (
				38A5B2A01F2F7B2800D8F418 /* PBXTargetDependency */,
			);
			name = "Custom-ServicesTests";
			productName = "Custom-ServicesTests";
			productReference = 38A5B29E1F2F7B2800D8F418 /* Custom-ServicesTests.xctest */;
			productType = "com.apple.product-type.bundle.unit-test";
		};
		38A5B2A81F2F7B2800D8F418 /* Custom-ServicesUITests */ = {
			isa = PBXNativeTarget;
			buildConfigurationList = 38A5B2B81F2F7B2800D8F418 /* Build configuration list for PBXNativeTarget "Custom-ServicesUITests" */;
			buildPhases = (
				38A5B2A51F2F7B2800D8F418 /* Sources */,
				38A5B2A61F2F7B2800D8F418 /* Frameworks */,
				38A5B2A71F2F7B2800D8F418 /* Resources */,
			);
			buildRules = (
			);
			dependencies = (
				38A5B2AB1F2F7B2800D8F418 /* PBXTargetDependency */,
			);
			name = "Custom-ServicesUITests";
			productName = "Custom-ServicesUITests";
			productReference = 38A5B2A91F2F7B2800D8F418 /* Custom-ServicesUITests.xctest */;
			productType = "com.apple.product-type.bundle.ui-testing";
		};
/* End PBXNativeTarget section */

/* Begin PBXProject section */
		38A5B2821F2F7B2800D8F418 /* Project object */ = {
			isa = PBXProject;
			attributes = {
				LastSwiftUpdateCheck = 0830;
				LastUpgradeCheck = 0830;
				ORGANIZATIONNAME = "Tudor Zugravu";
				TargetAttributes = {
					38A5B2891F2F7B2800D8F418 = {
						CreatedOnToolsVersion = 8.3.3;
						DevelopmentTeam = 3UT9U3S2CW;
						ProvisioningStyle = Automatic;
					};
					38A5B29D1F2F7B2800D8F418 = {
						CreatedOnToolsVersion = 8.3.3;
						DevelopmentTeam = 3UT9U3S2CW;
						ProvisioningStyle = Automatic;
						TestTargetID = 38A5B2891F2F7B2800D8F418;
					};
					38A5B2A81F2F7B2800D8F418 = {
						CreatedOnToolsVersion = 8.3.3;
						DevelopmentTeam = 3UT9U3S2CW;
						ProvisioningStyle = Automatic;
						TestTargetID = 38A5B2891F2F7B2800D8F418;
					};
				};
			};
			buildConfigurationList = 38A5B2851F2F7B2800D8F418 /* Build configuration list for PBXProject "Custom-Services" */;
			compatibilityVersion = "Xcode 3.2";
			developmentRegion = English;
			hasScannedForEncodings = 0;
			knownRegions = (
				en,
				Base,
			);
			mainGroup = 38A5B2811F2F7B2800D8F418;
			productRefGroup = 38A5B28B1F2F7B2800D8F418 /* Products */;
			projectDirPath = "";
			projectRoot = "";
			targets = (
				38A5B2891F2F7B2800D8F418 /* Custom-Services */,
				38A5B29D1F2F7B2800D8F418 /* Custom-ServicesTests */,
				38A5B2A81F2F7B2800D8F418 /* Custom-ServicesUITests */,
			);
		};
/* End PBXProject section */

/* Begin PBXResourcesBuildPhase section */
		38A5B2881F2F7B2800D8F418 /* Resources */ = {
			isa = PBXResourcesBuildPhase;
			buildActionMask = 2147483647;
			files = (
				38A5B2981F2F7B2800D8F418 /* LaunchScreen.storyboard in Resources */,
				38A5B2951F2F7B2800D8F418 /* Assets.xcassets in Resources */,
				38A5B2931F2F7B2800D8F418 /* Main.storyboard in Resources */,
			);
			runOnlyForDeploymentPostprocessing = 0;
		};
		38A5B29C1F2F7B2800D8F418 /* Resources */ = {
			isa = PBXResourcesBuildPhase;
			buildActionMask = 2147483647;
			files = (
			);
			runOnlyForDeploymentPostprocessing = 0;
		};
		38A5B2A71F2F7B2800D8F418 /* Resources */ = {
			isa = PBXResourcesBuildPhase;
			buildActionMask = 2147483647;
			files = (
			);
			runOnlyForDeploymentPostprocessing = 0;
		};
/* End PBXResourcesBuildPhase section */

/* Begin PBXSourcesBuildPhase section */
		38A5B2861F2F7B2800D8F418 /* Sources */ = {
			isa = PBXSourcesBuildPhase;
			buildActionMask = 2147483647;
			files = (
				38C3F59F1F30AAEC00C611B6 /* VendorModel.swift in Sources */,
				38A5B28E1F2F7B2800D8F418 /* AppDelegate.swift in Sources */,
				386222C91F32469C00CDB4F9 /* DropMenuButton.swift in Sources */,
				38EDCA271F307F6C00DEFA0E /* VendorsTableViewCell.swift in Sources */,
				38C3F59D1F30A96300C611B6 /* VendorsListViewController.swift in Sources */,
			);
			runOnlyForDeploymentPostprocessing = 0;
		};
		38A5B29A1F2F7B2800D8F418 /* Sources */ = {
			isa = PBXSourcesBuildPhase;
			buildActionMask = 2147483647;
			files = (
				38A5B2A31F2F7B2800D8F418 /* Custom_ServicesTests.swift in Sources */,
			);
			runOnlyForDeploymentPostprocessing = 0;
		};
		38A5B2A51F2F7B2800D8F418 /* Sources */ = {
			isa = PBXSourcesBuildPhase;
			buildActionMask = 2147483647;
			files = (
				38A5B2AE1F2F7B2800D8F418 /* Custom_ServicesUITests.swift in Sources */,
			);
			runOnlyForDeploymentPostprocessing = 0;
		};
/* End PBXSourcesBuildPhase section */

/* Begin PBXTargetDependency section */
		38A5B2A01F2F7B2800D8F418 /* PBXTargetDependency */ = {
			isa = PBXTargetDependency;
			target = 38A5B2891F2F7B2800D8F418 /* Custom-Services */;
			targetProxy = 38A5B29F1F2F7B2800D8F418 /* PBXContainerItemProxy */;
		};
		38A5B2AB1F2F7B2800D8F418 /* PBXTargetDependency */ = {
			isa = PBXTargetDependency;
			target = 38A5B2891F2F7B2800D8F418 /* Custom-Services */;
			targetProxy = 38A5B2AA1F2F7B2800D8F418 /* PBXContainerItemProxy */;
		};
/* End PBXTargetDependency section */

/* Begin PBXVariantGroup section */
		38A5B2911F2F7B2800D8F418 /* Main.storyboard */ = {
			isa = PBXVariantGroup;
			children = (
				38A5B2921F2F7B2800D8F418 /* Base */,
			);
			name = Main.storyboard;
			sourceTree = "<group>";
		};
		38A5B2961F2F7B2800D8F418 /* LaunchScreen.storyboard */ = {
			isa = PBXVariantGroup;
			children = (
				38A5B2971F2F7B2800D8F418 /* Base */,
			);
			name = LaunchScreen.storyboard;
			sourceTree = "<group>";
		};
/* End PBXVariantGroup section */

/* Begin XCBuildConfiguration section */
		38A5B2B01F2F7B2800D8F418 /* Debug */ = {
			isa = XCBuildConfiguration;
			buildSettings = {
				ALWAYS_SEARCH_USER_PATHS = NO;
				CLANG_ANALYZER_NONNULL = YES;
				CLANG_ANALYZER_NUMBER_OBJECT_CONVERSION = YES_AGGRESSIVE;
				CLANG_CXX_LANGUAGE_STANDARD = "gnu++0x";
				CLANG_CXX_LIBRARY = "libc++";
				CLANG_ENABLE_MODULES = YES;
				CLANG_ENABLE_OBJC_ARC = YES;
				CLANG_WARN_BOOL_CONVERSION = YES;
				CLANG_WARN_CONSTANT_CONVERSION = YES;
				CLANG_WARN_DIRECT_OBJC_ISA_USAGE = YES_ERROR;
				CLANG_WARN_DOCUMENTATION_COMMENTS = YES;
				CLANG_WARN_EMPTY_BODY = YES;
				CLANG_WARN_ENUM_CONVERSION = YES;
				CLANG_WARN_INFINITE_RECURSION = YES;
				CLANG_WARN_INT_CONVERSION = YES;
				CLANG_WARN_OBJC_ROOT_CLASS = YES_ERROR;
				CLANG_WARN_SUSPICIOUS_MOVE = YES;
				CLANG_WARN_UNREACHABLE_CODE = YES;
				CLANG_WARN__DUPLICATE_METHOD_MATCH = YES;
				"CODE_SIGN_IDENTITY[sdk=iphoneos*]" = "iPhone Developer";
				COPY_PHASE_STRIP = NO;
				DEBUG_INFORMATION_FORMAT = dwarf;
				ENABLE_STRICT_OBJC_MSGSEND = YES;
				ENABLE_TESTABILITY = YES;
				GCC_C_LANGUAGE_STANDARD = gnu99;
				GCC_DYNAMIC_NO_PIC = NO;
				GCC_NO_COMMON_BLOCKS = YES;
				GCC_OPTIMIZATION_LEVEL = 0;
				GCC_PREPROCESSOR_DEFINITIONS = (
					"DEBUG=1",
					"$(inherited)",
				);
				GCC_WARN_64_TO_32_BIT_CONVERSION = YES;
				GCC_WARN_ABOUT_RETURN_TYPE = YES_ERROR;
				GCC_WARN_UNDECLARED_SELECTOR = YES;
				GCC_WARN_UNINITIALIZED_AUTOS = YES_AGGRESSIVE;
				GCC_WARN_UNUSED_FUNCTION = YES;
				GCC_WARN_UNUSED_VARIABLE = YES;
				IPHONEOS_DEPLOYMENT_TARGET = 10.3;
				MTL_ENABLE_DEBUG_INFO = YES;
				ONLY_ACTIVE_ARCH = YES;
				SDKROOT = iphoneos;
				SWIFT_ACTIVE_COMPILATION_CONDITIONS = DEBUG;
				SWIFT_OPTIMIZATION_LEVEL = "-Onone";
			};
			name = Debug;
		};
		38A5B2B11F2F7B2800D8F418 /* Release */ = {
			isa = XCBuildConfiguration;
			buildSettings = {
				ALWAYS_SEARCH_USER_PATHS = NO;
				CLANG_ANALYZER_NONNULL = YES;
				CLANG_ANALYZER_NUMBER_OBJECT_CONVERSION = YES_AGGRESSIVE;
				CLANG_CXX_LANGUAGE_STANDARD = "gnu++0x";
				CLANG_CXX_LIBRARY = "libc++";
				CLANG_ENABLE_MODULES = YES;
				CLANG_ENABLE_OBJC_ARC = YES;
				CLANG_WARN_BOOL_CONVERSION = YES;
				CLANG_WARN_CONSTANT_CONVERSION = YES;
				CLANG_WARN_DIRECT_OBJC_ISA_USAGE = YES_ERROR;
				CLANG_WARN_DOCUMENTATION_COMMENTS = YES;
				CLANG_WARN_EMPTY_BODY = YES;
				CLANG_WARN_ENUM_CONVERSION = YES;
				CLANG_WARN_INFINITE_RECURSION = YES;
				CLANG_WARN_INT_CONVERSION = YES;
				CLANG_WARN_OBJC_ROOT_CLASS = YES_ERROR;
				CLANG_WARN_SUSPICIOUS_MOVE = YES;
				CLANG_WARN_UNREACHABLE_CODE = YES;
				CLANG_WARN__DUPLICATE_METHOD_MATCH = YES;
				"CODE_SIGN_IDENTITY[sdk=iphoneos*]" = "iPhone Developer";
				COPY_PHASE_STRIP = NO;
				DEBUG_INFORMATION_FORMAT = "dwarf-with-dsym";
				ENABLE_NS_ASSERTIONS = NO;
				ENABLE_STRICT_OBJC_MSGSEND = YES;
				GCC_C_LANGUAGE_STANDARD = gnu99;
				GCC_NO_COMMON_BLOCKS = YES;
				GCC_WARN_64_TO_32_BIT_CONVERSION = YES;
				GCC_WARN_ABOUT_RETURN_TYPE = YES_ERROR;
				GCC_WARN_UNDECLARED_SELECTOR = YES;
				GCC_WARN_UNINITIALIZED_AUTOS = YES_AGGRESSIVE;
				GCC_WARN_UNUSED_FUNCTION = YES;
				GCC_WARN_UNUSED_VARIABLE = YES;
				IPHONEOS_DEPLOYMENT_TARGET = 10.3;
				MTL_ENABLE_DEBUG_INFO = NO;
				SDKROOT = iphoneos;
				SWIFT_OPTIMIZATION_LEVEL = "-Owholemodule";
				VALIDATE_PRODUCT = YES;
			};
			name = Release;
		};
		38A5B2B31F2F7B2800D8F418 /* Debug */ = {
			isa = XCBuildConfiguration;
			buildSettings = {
				ASSETCATALOG_COMPILER_APPICON_NAME = AppIcon;
				DEVELOPMENT_TEAM = 3UT9U3S2CW;
				INFOPLIST_FILE = "Custom-Services/Info.plist";
				LD_RUNPATH_SEARCH_PATHS = "$(inherited) @executable_path/Frameworks";
				PRODUCT_BUNDLE_IDENTIFIER = "Tudor-Zugravu.Custom-Services";
				PRODUCT_NAME = "$(TARGET_NAME)";
				SWIFT_VERSION = 3.0;
			};
			name = Debug;
		};
		38A5B2B41F2F7B2800D8F418 /* Release */ = {
			isa = XCBuildConfiguration;
			buildSettings = {
				ASSETCATALOG_COMPILER_APPICON_NAME = AppIcon;
				DEVELOPMENT_TEAM = 3UT9U3S2CW;
				INFOPLIST_FILE = "Custom-Services/Info.plist";
				LD_RUNPATH_SEARCH_PATHS = "$(inherited) @executable_path/Frameworks";
				PRODUCT_BUNDLE_IDENTIFIER = "Tudor-Zugravu.Custom-Services";
				PRODUCT_NAME = "$(TARGET_NAME)";
				SWIFT_VERSION = 3.0;
			};
			name = Release;
		};
		38A5B2B61F2F7B2800D8F418 /* Debug */ = {
			isa = XCBuildConfiguration;
			buildSettings = {
				ALWAYS_EMBED_SWIFT_STANDARD_LIBRARIES = YES;
				BUNDLE_LOADER = "$(TEST_HOST)";
				DEVELOPMENT_TEAM = 3UT9U3S2CW;
				INFOPLIST_FILE = "Custom-ServicesTests/Info.plist";
				LD_RUNPATH_SEARCH_PATHS = "$(inherited) @executable_path/Frameworks @loader_path/Frameworks";
				PRODUCT_BUNDLE_IDENTIFIER = "Tudor-Zugravu.Custom-ServicesTests";
				PRODUCT_NAME = "$(TARGET_NAME)";
				SWIFT_VERSION = 3.0;
				TEST_HOST = "$(BUILT_PRODUCTS_DIR)/Custom-Services.app/Custom-Services";
			};
			name = Debug;
		};
		38A5B2B71F2F7B2800D8F418 /* Release */ = {
			isa = XCBuildConfiguration;
			buildSettings = {
				ALWAYS_EMBED_SWIFT_STANDARD_LIBRARIES = YES;
				BUNDLE_LOADER = "$(TEST_HOST)";
				DEVELOPMENT_TEAM = 3UT9U3S2CW;
				INFOPLIST_FILE = "Custom-ServicesTests/Info.plist";
				LD_RUNPATH_SEARCH_PATHS = "$(inherited) @executable_path/Frameworks @loader_path/Frameworks";
				PRODUCT_BUNDLE_IDENTIFIER = "Tudor-Zugravu.Custom-ServicesTests";
				PRODUCT_NAME = "$(TARGET_NAME)";
				SWIFT_VERSION = 3.0;
				TEST_HOST = "$(BUILT_PRODUCTS_DIR)/Custom-Services.app/Custom-Services";
			};
			name = Release;
		};
		38A5B2B91F2F7B2800D8F418 /* Debug */ = {
			isa = XCBuildConfiguration;
			buildSettings = {
				ALWAYS_EMBED_SWIFT_STANDARD_LIBRARIES = YES;
				DEVELOPMENT_TEAM = 3UT9U3S2CW;
				INFOPLIST_FILE = "Custom-ServicesUITests/Info.plist";
				LD_RUNPATH_SEARCH_PATHS = "$(inherited) @executable_path/Frameworks @loader_path/Frameworks";
				PRODUCT_BUNDLE_IDENTIFIER = "Tudor-Zugravu.Custom-ServicesUITests";
				PRODUCT_NAME = "$(TARGET_NAME)";
				SWIFT_VERSION = 3.0;
				TEST_TARGET_NAME = "Custom-Services";
			};
			name = Debug;
		};
		38A5B2BA1F2F7B2800D8F418 /* Release */ = {
			isa = XCBuildConfiguration;
			buildSettings = {
				ALWAYS_EMBED_SWIFT_STANDARD_LIBRARIES = YES;
				DEVELOPMENT_TEAM = 3UT9U3S2CW;
				INFOPLIST_FILE = "Custom-ServicesUITests/Info.plist";
				LD_RUNPATH_SEARCH_PATHS = "$(inherited) @executable_path/Frameworks @loader_path/Frameworks";
				PRODUCT_BUNDLE_IDENTIFIER = "Tudor-Zugravu.Custom-ServicesUITests";
				PRODUCT_NAME = "$(TARGET_NAME)";
				SWIFT_VERSION = 3.0;
				TEST_TARGET_NAME = "Custom-Services";
			};
			name = Release;
		};
/* End XCBuildConfiguration section */

/* Begin XCConfigurationList section */
		38A5B2851F2F7B2800D8F418 /* Build configuration list for PBXProject "Custom-Services" */ = {
			isa = XCConfigurationList;
			buildConfigurations = (
				38A5B2B01F2F7B2800D8F418 /* Debug */,
				38A5B2B11F2F7B2800D8F418 /* Release */,
			);
			defaultConfigurationIsVisible = 0;
			defaultConfigurationName = Release;
		};
		38A5B2B21F2F7B2800D8F418 /* Build configuration list for PBXNativeTarget "Custom-Services" */ = {
			isa = XCConfigurationList;
			buildConfigurations = (
				38A5B2B31F2F7B2800D8F418 /* Debug */,
				38A5B2B41F2F7B2800D8F418 /* Release */,
			);
			defaultConfigurationIsVisible = 0;
			defaultConfigurationName = Release;
		};
		38A5B2B51F2F7B2800D8F418 /* Build configuration list for PBXNativeTarget "Custom-ServicesTests" */ = {
			isa = XCConfigurationList;
			buildConfigurations = (
				38A5B2B61F2F7B2800D8F418 /* Debug */,
				38A5B2B71F2F7B2800D8F418 /* Release */,
			);
			defaultConfigurationIsVisible = 0;
			defaultConfigurationName = Release;
		};
		38A5B2B81F2F7B2800D8F418 /* Build configuration list for PBXNativeTarget "Custom-ServicesUITests" */ = {
			isa = XCConfigurationList;
			buildConfigurations = (
				38A5B2B91F2F7B2800D8F418 /* Debug */,
				38A5B2BA1F2F7B2800D8F418 /* Release */,
			);
			defaultConfigurationIsVisible = 0;
			defaultConfigurationName = Release;
		};
/* End XCConfigurationList section */
	};
	rootObject = 38A5B2821F2F7B2800D8F418 /* Project object */;
}
